
Microsoft Visual Studio Solution File, Format Version 12.00
# Visual Studio 15
VisualStudioVersion = 15.0.28010.2050
MinimumVisualStudioVersion = 10.0.40219.1
Project("{FAE04EC0-301F-11D3-BF4B-00C04F79EFBC}") = "SinglyList", "SinglyList\SinglyList.csproj", "{7DE76871-7AB8-45A2-9C72-AD3A6210A3CC}"
EndProject
Project("{FAE04EC0-301F-11D3-BF4B-00C04F79EFBC}") = "LinkedListNode", "LinkedListNode\LinkedListNode.csproj", "{DD9D5E69-433D-449A-B11B-3E6ADB4EC285}"
EndProject
Global
	GlobalSection(SolutionConfigurationPlatforms) = preSolution
		Debug|Any CPU = Debug|Any CPU
		Release|Any CPU = Release|Any CPU
	EndGlobalSection
	GlobalSection(ProjectConfigurationPlatforms) = postSolution
		{7DE76871-7AB8-45A2-9C72-AD3A6210A3CC}.Debug|Any CPU.ActiveCfg = Debug|Any CPU
		{7DE76871-7AB8-45A2-9C72-AD3A6210A3CC}.Debug|Any CPU.Build.0 = Debug|Any CPU
		{7DE76871-7AB8-45A2-9C72-AD3A6210A3CC}.Release|Any CPU.ActiveCfg = Release|Any CPU
		{7DE76871-7AB8-45A2-9C72-AD3A6210A3CC}.Release|Any CPU.Build.0 = Release|Any CPU
		{DD9D5E69-433D-449A-B11B-3E6ADB4EC285}.Debug|Any CPU.ActiveCfg = Debug|Any CPU
		{DD9D5E69-433D-449A-B11B-3E6ADB4EC285}.Debug|Any CPU.Build.0 = Debug|Any CPU
		{DD9D5E69-433D-449A-B11B-3E6ADB4EC285}.Release|Any CPU.ActiveCfg = Release|Any CPU
		{DD9D5E69-433D-449A-B11B-3E6ADB4EC285}.Release|Any CPU.Build.0 = Release|Any CPU
	EndGlobalSection
	GlobalSection(SolutionProperties) = preSolution
		HideSolutionNode = FALSE
	EndGlobalSection
	GlobalSection(ExtensibilityGlobals) = postSolution
		SolutionGuid = {3A1E41A0-D3FB-41A9-90AE-354DE62E9030}
	EndGlobalSection
EndGlobal
