
Microsoft Visual Studio Solution File, Format Version 12.00
# Visual Studio 15
VisualStudioVersion = 15.0.28010.2050
MinimumVisualStudioVersion = 10.0.40219.1
Project("{FAE04EC0-301F-11D3-BF4B-00C04F79EFBC}") = "HashTableImplementation", "HashTableImplementation\HashTableImplementation.csproj", "{BD7BE917-9BF7-45A2-A1D4-DF8DFCE25562}"
EndProject
Global
	GlobalSection(SolutionConfigurationPlatforms) = preSolution
		Debug|Any CPU = Debug|Any CPU
		Release|Any CPU = Release|Any CPU
	EndGlobalSection
	GlobalSection(ProjectConfigurationPlatforms) = postSolution
		{BD7BE917-9BF7-45A2-A1D4-DF8DFCE25562}.Debug|Any CPU.ActiveCfg = Debug|Any CPU
		{BD7BE917-9BF7-45A2-A1D4-DF8DFCE25562}.Debug|Any CPU.Build.0 = Debug|Any CPU
		{BD7BE917-9BF7-45A2-A1D4-DF8DFCE25562}.Release|Any CPU.ActiveCfg = Release|Any CPU
		{BD7BE917-9BF7-45A2-A1D4-DF8DFCE25562}.Release|Any CPU.Build.0 = Release|Any CPU
	EndGlobalSection
	GlobalSection(SolutionProperties) = preSolution
		HideSolutionNode = FALSE
	EndGlobalSection
	GlobalSection(ExtensibilityGlobals) = postSolution
		SolutionGuid = {53D86DC6-ED77-4EB2-BFDF-0C52FE651A31}
	EndGlobalSection
EndGlobal
