
Microsoft Visual Studio Solution File, Format Version 12.00
# Visual Studio 15
VisualStudioVersion = 15.0.28010.2050
MinimumVisualStudioVersion = 10.0.40219.1
Project("{FAE04EC0-301F-11D3-BF4B-00C04F79EFBC}") = "Binary_Tree", "Binary_Tree\Binary_Tree.csproj", "{B45AD151-D4AD-4A84-BCAD-B80FCDD16067}"
EndProject
Project("{FAE04EC0-301F-11D3-BF4B-00C04F79EFBC}") = "MethodAddForBinaryTree", "MethodAddForBinaryTree\MethodAddForBinaryTree.csproj", "{16BAFA2C-C467-4D32-AA48-5586C1E1E16A}"
EndProject
Global
	GlobalSection(SolutionConfigurationPlatforms) = preSolution
		Debug|Any CPU = Debug|Any CPU
		Release|Any CPU = Release|Any CPU
	EndGlobalSection
	GlobalSection(ProjectConfigurationPlatforms) = postSolution
		{B45AD151-D4AD-4A84-BCAD-B80FCDD16067}.Debug|Any CPU.ActiveCfg = Debug|Any CPU
		{B45AD151-D4AD-4A84-BCAD-B80FCDD16067}.Debug|Any CPU.Build.0 = Debug|Any CPU
		{B45AD151-D4AD-4A84-BCAD-B80FCDD16067}.Release|Any CPU.ActiveCfg = Release|Any CPU
		{B45AD151-D4AD-4A84-BCAD-B80FCDD16067}.Release|Any CPU.Build.0 = Release|Any CPU
		{16BAFA2C-C467-4D32-AA48-5586C1E1E16A}.Debug|Any CPU.ActiveCfg = Debug|Any CPU
		{16BAFA2C-C467-4D32-AA48-5586C1E1E16A}.Debug|Any CPU.Build.0 = Debug|Any CPU
		{16BAFA2C-C467-4D32-AA48-5586C1E1E16A}.Release|Any CPU.ActiveCfg = Release|Any CPU
		{16BAFA2C-C467-4D32-AA48-5586C1E1E16A}.Release|Any CPU.Build.0 = Release|Any CPU
	EndGlobalSection
	GlobalSection(SolutionProperties) = preSolution
		HideSolutionNode = FALSE
	EndGlobalSection
	GlobalSection(ExtensibilityGlobals) = postSolution
		SolutionGuid = {578DB50C-6807-4F20-A724-E8D744B09847}
	EndGlobalSection
EndGlobal
